
Microsoft Visual Studio Solution File, Format Version 12.00
# Visual Studio 15
VisualStudioVersion = 15.0.27004.2002
MinimumVisualStudioVersion = 10.0.40219.1
Project("{2150E333-8FDC-42A3-9474-1A3956D46DE8}") = "Device", "Device", "{70EDC8C1-8E8E-47EA-9087-C3D1274AC789}"
EndProject
Project("{FAE04EC0-301F-11D3-BF4B-00C04F79EFBC}") = "SmartHome.BackgroundProcess", "SmartHome.BackgroundProcess\SmartHome.BackgroundProcess.csproj", "{F2136B83-0BBB-4CF0-8B73-96A18D002AD8}"
EndProject
Project("{2150E333-8FDC-42A3-9474-1A3956D46DE8}") = "Backend", "Backend", "{C1D4D59E-32C3-4FF9-BC59-AA442998F334}"
EndProject
Project("{2150E333-8FDC-42A3-9474-1A3956D46DE8}") = "Mobile", "Mobile", "{0A0EBAB8-F2CD-4370-ABD9-E4EBF7D2DBD7}"
EndProject
Project("{9A19103F-16F7-4668-BE54-9A1E7A4F7556}") = "SmartHome.WebAPI", "SmartHome.WebAPI\SmartHome.WebAPI.csproj", "{04CAB736-E6C7-4342-83A3-BF27EE6813C0}"
EndProject
Project("{FAE04EC0-301F-11D3-BF4B-00C04F79EFBC}") = "SmartHome.Device.UI", "SmartHome.Device.UI\SmartHome.Device.UI.csproj", "{1EB47120-E747-4D4C-B022-9E8328EB263F}"
EndProject
Project("{FAE04EC0-301F-11D3-BF4B-00C04F79EFBC}") = "SmartHome.Mobile.Android", "SmartHome.Mobile\SmartHome.Mobile.Android\SmartHome.Mobile.Android.csproj", "{BA9FBDB2-E944-466D-AF73-02AD032EC739}"
EndProject
Project("{FAE04EC0-301F-11D3-BF4B-00C04F79EFBC}") = "SmartHome.Mobile", "SmartHome.Mobile\SmartHome.Mobile\SmartHome.Mobile.csproj", "{A9708FA5-50AD-44DA-BC65-5209B5FFAF23}"
EndProject
Project("{FAE04EC0-301F-11D3-BF4B-00C04F79EFBC}") = "SmartHome.Mobile.UWP", "SmartHome.Mobile\SmartHome.Mobile.UWP\SmartHome.Mobile.UWP.csproj", "{F5A4CFA4-BA10-4E41-A399-9BFBC4300A73}"
EndProject
Project("{FAE04EC0-301F-11D3-BF4B-00C04F79EFBC}") = "SmartHome.Mobile.iOS", "SmartHome.Mobile\SmartHome.Mobile.iOS\SmartHome.Mobile.iOS.csproj", "{05DB05EB-8B2E-4B24-990F-3161640121AF}"
EndProject
Project("{2150E333-8FDC-42A3-9474-1A3956D46DE8}") = "Common", "Common", "{B05CFF86-7F94-4FCA-9482-BD53314DA6A2}"
EndProject
Project("{9A19103F-16F7-4668-BE54-9A1E7A4F7556}") = "SmartHome.Common", "SmartHome.Common\SmartHome.Common.csproj", "{FAD63CA2-2E05-4673-8E17-3183185B5E45}"
EndProject
Global
	GlobalSection(SolutionConfigurationPlatforms) = preSolution
		Ad-Hoc|Any CPU = Ad-Hoc|Any CPU
		Ad-Hoc|ARM = Ad-Hoc|ARM
		Ad-Hoc|iPhone = Ad-Hoc|iPhone
		Ad-Hoc|iPhoneSimulator = Ad-Hoc|iPhoneSimulator
		Ad-Hoc|x64 = Ad-Hoc|x64
		Ad-Hoc|x86 = Ad-Hoc|x86
		AppStore|Any CPU = AppStore|Any CPU
		AppStore|ARM = AppStore|ARM
		AppStore|iPhone = AppStore|iPhone
		AppStore|iPhoneSimulator = AppStore|iPhoneSimulator
		AppStore|x64 = AppStore|x64
		AppStore|x86 = AppStore|x86
		Debug|Any CPU = Debug|Any CPU
		Debug|ARM = Debug|ARM
		Debug|iPhone = Debug|iPhone
		Debug|iPhoneSimulator = Debug|iPhoneSimulator
		Debug|x64 = Debug|x64
		Debug|x86 = Debug|x86
		Release|Any CPU = Release|Any CPU
		Release|ARM = Release|ARM
		Release|iPhone = Release|iPhone
		Release|iPhoneSimulator = Release|iPhoneSimulator
		Release|x64 = Release|x64
		Release|x86 = Release|x86
	EndGlobalSection
	GlobalSection(ProjectConfigurationPlatforms) = postSolution
		{F2136B83-0BBB-4CF0-8B73-96A18D002AD8}.Ad-Hoc|Any CPU.ActiveCfg = Release|x64
		{F2136B83-0BBB-4CF0-8B73-96A18D002AD8}.Ad-Hoc|Any CPU.Build.0 = Release|x64
		{F2136B83-0BBB-4CF0-8B73-96A18D002AD8}.Ad-Hoc|Any CPU.Deploy.0 = Release|x64
		{F2136B83-0BBB-4CF0-8B73-96A18D002AD8}.Ad-Hoc|ARM.ActiveCfg = Release|ARM
		{F2136B83-0BBB-4CF0-8B73-96A18D002AD8}.Ad-Hoc|ARM.Build.0 = Release|ARM
		{F2136B83-0BBB-4CF0-8B73-96A18D002AD8}.Ad-Hoc|ARM.Deploy.0 = Release|ARM
		{F2136B83-0BBB-4CF0-8B73-96A18D002AD8}.Ad-Hoc|iPhone.ActiveCfg = Release|x64
		{F2136B83-0BBB-4CF0-8B73-96A18D002AD8}.Ad-Hoc|iPhone.Build.0 = Release|x64
		{F2136B83-0BBB-4CF0-8B73-96A18D002AD8}.Ad-Hoc|iPhone.Deploy.0 = Release|x64
		{F2136B83-0BBB-4CF0-8B73-96A18D002AD8}.Ad-Hoc|iPhoneSimulator.ActiveCfg = Release|x64
		{F2136B83-0BBB-4CF0-8B73-96A18D002AD8}.Ad-Hoc|iPhoneSimulator.Build.0 = Release|x64
		{F2136B83-0BBB-4CF0-8B73-96A18D002AD8}.Ad-Hoc|iPhoneSimulator.Deploy.0 = Release|x64
		{F2136B83-0BBB-4CF0-8B73-96A18D002AD8}.Ad-Hoc|x64.ActiveCfg = Release|x64
		{F2136B83-0BBB-4CF0-8B73-96A18D002AD8}.Ad-Hoc|x64.Build.0 = Release|x64
		{F2136B83-0BBB-4CF0-8B73-96A18D002AD8}.Ad-Hoc|x64.Deploy.0 = Release|x64
		{F2136B83-0BBB-4CF0-8B73-96A18D002AD8}.Ad-Hoc|x86.ActiveCfg = Release|x86
		{F2136B83-0BBB-4CF0-8B73-96A18D002AD8}.Ad-Hoc|x86.Build.0 = Release|x86
		{F2136B83-0BBB-4CF0-8B73-96A18D002AD8}.Ad-Hoc|x86.Deploy.0 = Release|x86
		{F2136B83-0BBB-4CF0-8B73-96A18D002AD8}.AppStore|Any CPU.ActiveCfg = Release|x64
		{F2136B83-0BBB-4CF0-8B73-96A18D002AD8}.AppStore|Any CPU.Build.0 = Release|x64
		{F2136B83-0BBB-4CF0-8B73-96A18D002AD8}.AppStore|Any CPU.Deploy.0 = Release|x64
		{F2136B83-0BBB-4CF0-8B73-96A18D002AD8}.AppStore|ARM.ActiveCfg = Release|ARM
		{F2136B83-0BBB-4CF0-8B73-96A18D002AD8}.AppStore|ARM.Build.0 = Release|ARM
		{F2136B83-0BBB-4CF0-8B73-96A18D002AD8}.AppStore|ARM.Deploy.0 = Release|ARM
		{F2136B83-0BBB-4CF0-8B73-96A18D002AD8}.AppStore|iPhone.ActiveCfg = Release|x64
		{F2136B83-0BBB-4CF0-8B73-96A18D002AD8}.AppStore|iPhone.Build.0 = Release|x64
		{F2136B83-0BBB-4CF0-8B73-96A18D002AD8}.AppStore|iPhone.Deploy.0 = Release|x64
		{F2136B83-0BBB-4CF0-8B73-96A18D002AD8}.AppStore|iPhoneSimulator.ActiveCfg = Release|x64
		{F2136B83-0BBB-4CF0-8B73-96A18D002AD8}.AppStore|iPhoneSimulator.Build.0 = Release|x64
		{F2136B83-0BBB-4CF0-8B73-96A18D002AD8}.AppStore|iPhoneSimulator.Deploy.0 = Release|x64
		{F2136B83-0BBB-4CF0-8B73-96A18D002AD8}.AppStore|x64.ActiveCfg = Release|x64
		{F2136B83-0BBB-4CF0-8B73-96A18D002AD8}.AppStore|x64.Build.0 = Release|x64
		{F2136B83-0BBB-4CF0-8B73-96A18D002AD8}.AppStore|x64.Deploy.0 = Release|x64
		{F2136B83-0BBB-4CF0-8B73-96A18D002AD8}.AppStore|x86.ActiveCfg = Release|x86
		{F2136B83-0BBB-4CF0-8B73-96A18D002AD8}.AppStore|x86.Build.0 = Release|x86
		{F2136B83-0BBB-4CF0-8B73-96A18D002AD8}.AppStore|x86.Deploy.0 = Release|x86
		{F2136B83-0BBB-4CF0-8B73-96A18D002AD8}.Debug|Any CPU.ActiveCfg = Debug|x86
		{F2136B83-0BBB-4CF0-8B73-96A18D002AD8}.Debug|ARM.ActiveCfg = Debug|ARM
		{F2136B83-0BBB-4CF0-8B73-96A18D002AD8}.Debug|ARM.Build.0 = Debug|ARM
		{F2136B83-0BBB-4CF0-8B73-96A18D002AD8}.Debug|ARM.Deploy.0 = Debug|ARM
		{F2136B83-0BBB-4CF0-8B73-96A18D002AD8}.Debug|iPhone.ActiveCfg = Debug|x86
		{F2136B83-0BBB-4CF0-8B73-96A18D002AD8}.Debug|iPhoneSimulator.ActiveCfg = Debug|x86
		{F2136B83-0BBB-4CF0-8B73-96A18D002AD8}.Debug|x64.ActiveCfg = Debug|x64
		{F2136B83-0BBB-4CF0-8B73-96A18D002AD8}.Debug|x64.Build.0 = Debug|x64
		{F2136B83-0BBB-4CF0-8B73-96A18D002AD8}.Debug|x64.Deploy.0 = Debug|x64
		{F2136B83-0BBB-4CF0-8B73-96A18D002AD8}.Debug|x86.ActiveCfg = Debug|x86
		{F2136B83-0BBB-4CF0-8B73-96A18D002AD8}.Debug|x86.Build.0 = Debug|x86
		{F2136B83-0BBB-4CF0-8B73-96A18D002AD8}.Debug|x86.Deploy.0 = Debug|x86
		{F2136B83-0BBB-4CF0-8B73-96A18D002AD8}.Release|Any CPU.ActiveCfg = Release|x86
		{F2136B83-0BBB-4CF0-8B73-96A18D002AD8}.Release|Any CPU.Build.0 = Release|x86
		{F2136B83-0BBB-4CF0-8B73-96A18D002AD8}.Release|Any CPU.Deploy.0 = Release|x86
		{F2136B83-0BBB-4CF0-8B73-96A18D002AD8}.Release|ARM.ActiveCfg = Release|ARM
		{F2136B83-0BBB-4CF0-8B73-96A18D002AD8}.Release|ARM.Build.0 = Release|ARM
		{F2136B83-0BBB-4CF0-8B73-96A18D002AD8}.Release|ARM.Deploy.0 = Release|ARM
		{F2136B83-0BBB-4CF0-8B73-96A18D002AD8}.Release|iPhone.ActiveCfg = Release|x86
		{F2136B83-0BBB-4CF0-8B73-96A18D002AD8}.Release|iPhoneSimulator.ActiveCfg = Release|x86
		{F2136B83-0BBB-4CF0-8B73-96A18D002AD8}.Release|x64.ActiveCfg = Release|x64
		{F2136B83-0BBB-4CF0-8B73-96A18D002AD8}.Release|x64.Build.0 = Release|x64
		{F2136B83-0BBB-4CF0-8B73-96A18D002AD8}.Release|x64.Deploy.0 = Release|x64
		{F2136B83-0BBB-4CF0-8B73-96A18D002AD8}.Release|x86.ActiveCfg = Release|x86
		{F2136B83-0BBB-4CF0-8B73-96A18D002AD8}.Release|x86.Build.0 = Release|x86
		{F2136B83-0BBB-4CF0-8B73-96A18D002AD8}.Release|x86.Deploy.0 = Release|x86
		{04CAB736-E6C7-4342-83A3-BF27EE6813C0}.Ad-Hoc|Any CPU.ActiveCfg = Release|Any CPU
		{04CAB736-E6C7-4342-83A3-BF27EE6813C0}.Ad-Hoc|Any CPU.Build.0 = Release|Any CPU
		{04CAB736-E6C7-4342-83A3-BF27EE6813C0}.Ad-Hoc|ARM.ActiveCfg = Release|Any CPU
		{04CAB736-E6C7-4342-83A3-BF27EE6813C0}.Ad-Hoc|ARM.Build.0 = Release|Any CPU
		{04CAB736-E6C7-4342-83A3-BF27EE6813C0}.Ad-Hoc|iPhone.ActiveCfg = Release|Any CPU
		{04CAB736-E6C7-4342-83A3-BF27EE6813C0}.Ad-Hoc|iPhone.Build.0 = Release|Any CPU
		{04CAB736-E6C7-4342-83A3-BF27EE6813C0}.Ad-Hoc|iPhoneSimulator.ActiveCfg = Release|Any CPU
		{04CAB736-E6C7-4342-83A3-BF27EE6813C0}.Ad-Hoc|iPhoneSimulator.Build.0 = Release|Any CPU
		{04CAB736-E6C7-4342-83A3-BF27EE6813C0}.Ad-Hoc|x64.ActiveCfg = Release|Any CPU
		{04CAB736-E6C7-4342-83A3-BF27EE6813C0}.Ad-Hoc|x64.Build.0 = Release|Any CPU
		{04CAB736-E6C7-4342-83A3-BF27EE6813C0}.Ad-Hoc|x86.ActiveCfg = Release|Any CPU
		{04CAB736-E6C7-4342-83A3-BF27EE6813C0}.Ad-Hoc|x86.Build.0 = Release|Any CPU
		{04CAB736-E6C7-4342-83A3-BF27EE6813C0}.AppStore|Any CPU.ActiveCfg = Release|Any CPU
		{04CAB736-E6C7-4342-83A3-BF27EE6813C0}.AppStore|Any CPU.Build.0 = Release|Any CPU
		{04CAB736-E6C7-4342-83A3-BF27EE6813C0}.AppStore|ARM.ActiveCfg = Release|Any CPU
		{04CAB736-E6C7-4342-83A3-BF27EE6813C0}.AppStore|ARM.Build.0 = Release|Any CPU
		{04CAB736-E6C7-4342-83A3-BF27EE6813C0}.AppStore|iPhone.ActiveCfg = Release|Any CPU
		{04CAB736-E6C7-4342-83A3-BF27EE6813C0}.AppStore|iPhone.Build.0 = Release|Any CPU
		{04CAB736-E6C7-4342-83A3-BF27EE6813C0}.AppStore|iPhoneSimulator.ActiveCfg = Release|Any CPU
		{04CAB736-E6C7-4342-83A3-BF27EE6813C0}.AppStore|iPhoneSimulator.Build.0 = Release|Any CPU
		{04CAB736-E6C7-4342-83A3-BF27EE6813C0}.AppStore|x64.ActiveCfg = Release|Any CPU
		{04CAB736-E6C7-4342-83A3-BF27EE6813C0}.AppStore|x64.Build.0 = Release|Any CPU
		{04CAB736-E6C7-4342-83A3-BF27EE6813C0}.AppStore|x86.ActiveCfg = Release|Any CPU
		{04CAB736-E6C7-4342-83A3-BF27EE6813C0}.AppStore|x86.Build.0 = Release|Any CPU
		{04CAB736-E6C7-4342-83A3-BF27EE6813C0}.Debug|Any CPU.ActiveCfg = Debug|Any CPU
		{04CAB736-E6C7-4342-83A3-BF27EE6813C0}.Debug|Any CPU.Build.0 = Debug|Any CPU
		{04CAB736-E6C7-4342-83A3-BF27EE6813C0}.Debug|ARM.ActiveCfg = Debug|Any CPU
		{04CAB736-E6C7-4342-83A3-BF27EE6813C0}.Debug|ARM.Build.0 = Debug|Any CPU
		{04CAB736-E6C7-4342-83A3-BF27EE6813C0}.Debug|iPhone.ActiveCfg = Debug|Any CPU
		{04CAB736-E6C7-4342-83A3-BF27EE6813C0}.Debug|iPhone.Build.0 = Debug|Any CPU
		{04CAB736-E6C7-4342-83A3-BF27EE6813C0}.Debug|iPhoneSimulator.ActiveCfg = Debug|Any CPU
		{04CAB736-E6C7-4342-83A3-BF27EE6813C0}.Debug|iPhoneSimulator.Build.0 = Debug|Any CPU
		{04CAB736-E6C7-4342-83A3-BF27EE6813C0}.Debug|x64.ActiveCfg = Debug|Any CPU
		{04CAB736-E6C7-4342-83A3-BF27EE6813C0}.Debug|x64.Build.0 = Debug|Any CPU
		{04CAB736-E6C7-4342-83A3-BF27EE6813C0}.Debug|x86.ActiveCfg = Debug|Any CPU
		{04CAB736-E6C7-4342-83A3-BF27EE6813C0}.Debug|x86.Build.0 = Debug|Any CPU
		{04CAB736-E6C7-4342-83A3-BF27EE6813C0}.Release|Any CPU.ActiveCfg = Release|Any CPU
		{04CAB736-E6C7-4342-83A3-BF27EE6813C0}.Release|Any CPU.Build.0 = Release|Any CPU
		{04CAB736-E6C7-4342-83A3-BF27EE6813C0}.Release|ARM.ActiveCfg = Release|Any CPU
		{04CAB736-E6C7-4342-83A3-BF27EE6813C0}.Release|ARM.Build.0 = Release|Any CPU
		{04CAB736-E6C7-4342-83A3-BF27EE6813C0}.Release|iPhone.ActiveCfg = Release|Any CPU
		{04CAB736-E6C7-4342-83A3-BF27EE6813C0}.Release|iPhone.Build.0 = Release|Any CPU
		{04CAB736-E6C7-4342-83A3-BF27EE6813C0}.Release|iPhoneSimulator.ActiveCfg = Release|Any CPU
		{04CAB736-E6C7-4342-83A3-BF27EE6813C0}.Release|iPhoneSimulator.Build.0 = Release|Any CPU
		{04CAB736-E6C7-4342-83A3-BF27EE6813C0}.Release|x64.ActiveCfg = Release|Any CPU
		{04CAB736-E6C7-4342-83A3-BF27EE6813C0}.Release|x64.Build.0 = Release|Any CPU
		{04CAB736-E6C7-4342-83A3-BF27EE6813C0}.Release|x86.ActiveCfg = Release|Any CPU
		{04CAB736-E6C7-4342-83A3-BF27EE6813C0}.Release|x86.Build.0 = Release|Any CPU
		{1EB47120-E747-4D4C-B022-9E8328EB263F}.Ad-Hoc|Any CPU.ActiveCfg = Release|x64
		{1EB47120-E747-4D4C-B022-9E8328EB263F}.Ad-Hoc|Any CPU.Build.0 = Release|x64
		{1EB47120-E747-4D4C-B022-9E8328EB263F}.Ad-Hoc|Any CPU.Deploy.0 = Release|x64
		{1EB47120-E747-4D4C-B022-9E8328EB263F}.Ad-Hoc|ARM.ActiveCfg = Release|ARM
		{1EB47120-E747-4D4C-B022-9E8328EB263F}.Ad-Hoc|ARM.Build.0 = Release|ARM
		{1EB47120-E747-4D4C-B022-9E8328EB263F}.Ad-Hoc|ARM.Deploy.0 = Release|ARM
		{1EB47120-E747-4D4C-B022-9E8328EB263F}.Ad-Hoc|iPhone.ActiveCfg = Release|x64
		{1EB47120-E747-4D4C-B022-9E8328EB263F}.Ad-Hoc|iPhone.Build.0 = Release|x64
		{1EB47120-E747-4D4C-B022-9E8328EB263F}.Ad-Hoc|iPhone.Deploy.0 = Release|x64
		{1EB47120-E747-4D4C-B022-9E8328EB263F}.Ad-Hoc|iPhoneSimulator.ActiveCfg = Release|x64
		{1EB47120-E747-4D4C-B022-9E8328EB263F}.Ad-Hoc|iPhoneSimulator.Build.0 = Release|x64
		{1EB47120-E747-4D4C-B022-9E8328EB263F}.Ad-Hoc|iPhoneSimulator.Deploy.0 = Release|x64
		{1EB47120-E747-4D4C-B022-9E8328EB263F}.Ad-Hoc|x64.ActiveCfg = Release|x64
		{1EB47120-E747-4D4C-B022-9E8328EB263F}.Ad-Hoc|x64.Build.0 = Release|x64
		{1EB47120-E747-4D4C-B022-9E8328EB263F}.Ad-Hoc|x64.Deploy.0 = Release|x64
		{1EB47120-E747-4D4C-B022-9E8328EB263F}.Ad-Hoc|x86.ActiveCfg = Release|x86
		{1EB47120-E747-4D4C-B022-9E8328EB263F}.Ad-Hoc|x86.Build.0 = Release|x86
		{1EB47120-E747-4D4C-B022-9E8328EB263F}.Ad-Hoc|x86.Deploy.0 = Release|x86
		{1EB47120-E747-4D4C-B022-9E8328EB263F}.AppStore|Any CPU.ActiveCfg = Release|x64
		{1EB47120-E747-4D4C-B022-9E8328EB263F}.AppStore|Any CPU.Build.0 = Release|x64
		{1EB47120-E747-4D4C-B022-9E8328EB263F}.AppStore|Any CPU.Deploy.0 = Release|x64
		{1EB47120-E747-4D4C-B022-9E8328EB263F}.AppStore|ARM.ActiveCfg = Release|ARM
		{1EB47120-E747-4D4C-B022-9E8328EB263F}.AppStore|ARM.Build.0 = Release|ARM
		{1EB47120-E747-4D4C-B022-9E8328EB263F}.AppStore|ARM.Deploy.0 = Release|ARM
		{1EB47120-E747-4D4C-B022-9E8328EB263F}.AppStore|iPhone.ActiveCfg = Release|x64
		{1EB47120-E747-4D4C-B022-9E8328EB263F}.AppStore|iPhone.Build.0 = Release|x64
		{1EB47120-E747-4D4C-B022-9E8328EB263F}.AppStore|iPhone.Deploy.0 = Release|x64
		{1EB47120-E747-4D4C-B022-9E8328EB263F}.AppStore|iPhoneSimulator.ActiveCfg = Release|x64
		{1EB47120-E747-4D4C-B022-9E8328EB263F}.AppStore|iPhoneSimulator.Build.0 = Release|x64
		{1EB47120-E747-4D4C-B022-9E8328EB263F}.AppStore|iPhoneSimulator.Deploy.0 = Release|x64
		{1EB47120-E747-4D4C-B022-9E8328EB263F}.AppStore|x64.ActiveCfg = Release|x64
		{1EB47120-E747-4D4C-B022-9E8328EB263F}.AppStore|x64.Build.0 = Release|x64
		{1EB47120-E747-4D4C-B022-9E8328EB263F}.AppStore|x64.Deploy.0 = Release|x64
		{1EB47120-E747-4D4C-B022-9E8328EB263F}.AppStore|x86.ActiveCfg = Release|x86
		{1EB47120-E747-4D4C-B022-9E8328EB263F}.AppStore|x86.Build.0 = Release|x86
		{1EB47120-E747-4D4C-B022-9E8328EB263F}.AppStore|x86.Deploy.0 = Release|x86
		{1EB47120-E747-4D4C-B022-9E8328EB263F}.Debug|Any CPU.ActiveCfg = Debug|x86
		{1EB47120-E747-4D4C-B022-9E8328EB263F}.Debug|Any CPU.Build.0 = Debug|x86
		{1EB47120-E747-4D4C-B022-9E8328EB263F}.Debug|Any CPU.Deploy.0 = Debug|x86
		{1EB47120-E747-4D4C-B022-9E8328EB263F}.Debug|ARM.ActiveCfg = Debug|ARM
		{1EB47120-E747-4D4C-B022-9E8328EB263F}.Debug|ARM.Build.0 = Debug|ARM
		{1EB47120-E747-4D4C-B022-9E8328EB263F}.Debug|ARM.Deploy.0 = Debug|ARM
		{1EB47120-E747-4D4C-B022-9E8328EB263F}.Debug|iPhone.ActiveCfg = Debug|x86
		{1EB47120-E747-4D4C-B022-9E8328EB263F}.Debug|iPhoneSimulator.ActiveCfg = Debug|x86
		{1EB47120-E747-4D4C-B022-9E8328EB263F}.Debug|x64.ActiveCfg = Debug|x64
		{1EB47120-E747-4D4C-B022-9E8328EB263F}.Debug|x64.Build.0 = Debug|x64
		{1EB47120-E747-4D4C-B022-9E8328EB263F}.Debug|x64.Deploy.0 = Debug|x64
		{1EB47120-E747-4D4C-B022-9E8328EB263F}.Debug|x86.ActiveCfg = Debug|x86
		{1EB47120-E747-4D4C-B022-9E8328EB263F}.Debug|x86.Build.0 = Debug|x86
		{1EB47120-E747-4D4C-B022-9E8328EB263F}.Debug|x86.Deploy.0 = Debug|x86
		{1EB47120-E747-4D4C-B022-9E8328EB263F}.Release|Any CPU.ActiveCfg = Release|x86
		{1EB47120-E747-4D4C-B022-9E8328EB263F}.Release|Any CPU.Build.0 = Release|x86
		{1EB47120-E747-4D4C-B022-9E8328EB263F}.Release|Any CPU.Deploy.0 = Release|x86
		{1EB47120-E747-4D4C-B022-9E8328EB263F}.Release|ARM.ActiveCfg = Release|ARM
		{1EB47120-E747-4D4C-B022-9E8328EB263F}.Release|ARM.Build.0 = Release|ARM
		{1EB47120-E747-4D4C-B022-9E8328EB263F}.Release|ARM.Deploy.0 = Release|ARM
		{1EB47120-E747-4D4C-B022-9E8328EB263F}.Release|iPhone.ActiveCfg = Release|x86
		{1EB47120-E747-4D4C-B022-9E8328EB263F}.Release|iPhoneSimulator.ActiveCfg = Release|x86
		{1EB47120-E747-4D4C-B022-9E8328EB263F}.Release|x64.ActiveCfg = Release|x64
		{1EB47120-E747-4D4C-B022-9E8328EB263F}.Release|x64.Build.0 = Release|x64
		{1EB47120-E747-4D4C-B022-9E8328EB263F}.Release|x64.Deploy.0 = Release|x64
		{1EB47120-E747-4D4C-B022-9E8328EB263F}.Release|x86.ActiveCfg = Release|x86
		{1EB47120-E747-4D4C-B022-9E8328EB263F}.Release|x86.Build.0 = Release|x86
		{1EB47120-E747-4D4C-B022-9E8328EB263F}.Release|x86.Deploy.0 = Release|x86
		{BA9FBDB2-E944-466D-AF73-02AD032EC739}.Ad-Hoc|Any CPU.ActiveCfg = Release|Any CPU
		{BA9FBDB2-E944-466D-AF73-02AD032EC739}.Ad-Hoc|Any CPU.Build.0 = Release|Any CPU
		{BA9FBDB2-E944-466D-AF73-02AD032EC739}.Ad-Hoc|Any CPU.Deploy.0 = Release|Any CPU
		{BA9FBDB2-E944-466D-AF73-02AD032EC739}.Ad-Hoc|ARM.ActiveCfg = Release|Any CPU
		{BA9FBDB2-E944-466D-AF73-02AD032EC739}.Ad-Hoc|ARM.Build.0 = Release|Any CPU
		{BA9FBDB2-E944-466D-AF73-02AD032EC739}.Ad-Hoc|ARM.Deploy.0 = Release|Any CPU
		{BA9FBDB2-E944-466D-AF73-02AD032EC739}.Ad-Hoc|iPhone.ActiveCfg = Release|Any CPU
		{BA9FBDB2-E944-466D-AF73-02AD032EC739}.Ad-Hoc|iPhone.Build.0 = Release|Any CPU
		{BA9FBDB2-E944-466D-AF73-02AD032EC739}.Ad-Hoc|iPhone.Deploy.0 = Release|Any CPU
		{BA9FBDB2-E944-466D-AF73-02AD032EC739}.Ad-Hoc|iPhoneSimulator.ActiveCfg = Release|Any CPU
		{BA9FBDB2-E944-466D-AF73-02AD032EC739}.Ad-Hoc|iPhoneSimulator.Build.0 = Release|Any CPU
		{BA9FBDB2-E944-466D-AF73-02AD032EC739}.Ad-Hoc|iPhoneSimulator.Deploy.0 = Release|Any CPU
		{BA9FBDB2-E944-466D-AF73-02AD032EC739}.Ad-Hoc|x64.ActiveCfg = Release|Any CPU
		{BA9FBDB2-E944-466D-AF73-02AD032EC739}.Ad-Hoc|x64.Build.0 = Release|Any CPU
		{BA9FBDB2-E944-466D-AF73-02AD032EC739}.Ad-Hoc|x64.Deploy.0 = Release|Any CPU
		{BA9FBDB2-E944-466D-AF73-02AD032EC739}.Ad-Hoc|x86.ActiveCfg = Release|Any CPU
		{BA9FBDB2-E944-466D-AF73-02AD032EC739}.Ad-Hoc|x86.Build.0 = Release|Any CPU
		{BA9FBDB2-E944-466D-AF73-02AD032EC739}.Ad-Hoc|x86.Deploy.0 = Release|Any CPU
		{BA9FBDB2-E944-466D-AF73-02AD032EC739}.AppStore|Any CPU.ActiveCfg = Release|Any CPU
		{BA9FBDB2-E944-466D-AF73-02AD032EC739}.AppStore|Any CPU.Build.0 = Release|Any CPU
		{BA9FBDB2-E944-466D-AF73-02AD032EC739}.AppStore|Any CPU.Deploy.0 = Release|Any CPU
		{BA9FBDB2-E944-466D-AF73-02AD032EC739}.AppStore|ARM.ActiveCfg = Release|Any CPU
		{BA9FBDB2-E944-466D-AF73-02AD032EC739}.AppStore|ARM.Build.0 = Release|Any CPU
		{BA9FBDB2-E944-466D-AF73-02AD032EC739}.AppStore|ARM.Deploy.0 = Release|Any CPU
		{BA9FBDB2-E944-466D-AF73-02AD032EC739}.AppStore|iPhone.ActiveCfg = Release|Any CPU
		{BA9FBDB2-E944-466D-AF73-02AD032EC739}.AppStore|iPhone.Build.0 = Release|Any CPU
		{BA9FBDB2-E944-466D-AF73-02AD032EC739}.AppStore|iPhone.Deploy.0 = Release|Any CPU
		{BA9FBDB2-E944-466D-AF73-02AD032EC739}.AppStore|iPhoneSimulator.ActiveCfg = Release|Any CPU
		{BA9FBDB2-E944-466D-AF73-02AD032EC739}.AppStore|iPhoneSimulator.Build.0 = Release|Any CPU
		{BA9FBDB2-E944-466D-AF73-02AD032EC739}.AppStore|iPhoneSimulator.Deploy.0 = Release|Any CPU
		{BA9FBDB2-E944-466D-AF73-02AD032EC739}.AppStore|x64.ActiveCfg = Release|Any CPU
		{BA9FBDB2-E944-466D-AF73-02AD032EC739}.AppStore|x64.Build.0 = Release|Any CPU
		{BA9FBDB2-E944-466D-AF73-02AD032EC739}.AppStore|x64.Deploy.0 = Release|Any CPU
		{BA9FBDB2-E944-466D-AF73-02AD032EC739}.AppStore|x86.ActiveCfg = Release|Any CPU
		{BA9FBDB2-E944-466D-AF73-02AD032EC739}.AppStore|x86.Build.0 = Release|Any CPU
		{BA9FBDB2-E944-466D-AF73-02AD032EC739}.AppStore|x86.Deploy.0 = Release|Any CPU
		{BA9FBDB2-E944-466D-AF73-02AD032EC739}.Debug|Any CPU.ActiveCfg = Debug|Any CPU
		{BA9FBDB2-E944-466D-AF73-02AD032EC739}.Debug|Any CPU.Build.0 = Debug|Any CPU
		{BA9FBDB2-E944-466D-AF73-02AD032EC739}.Debug|Any CPU.Deploy.0 = Debug|Any CPU
		{BA9FBDB2-E944-466D-AF73-02AD032EC739}.Debug|ARM.ActiveCfg = Debug|Any CPU
		{BA9FBDB2-E944-466D-AF73-02AD032EC739}.Debug|ARM.Build.0 = Debug|Any CPU
		{BA9FBDB2-E944-466D-AF73-02AD032EC739}.Debug|ARM.Deploy.0 = Debug|Any CPU
		{BA9FBDB2-E944-466D-AF73-02AD032EC739}.Debug|iPhone.ActiveCfg = Debug|Any CPU
		{BA9FBDB2-E944-466D-AF73-02AD032EC739}.Debug|iPhone.Build.0 = Debug|Any CPU
		{BA9FBDB2-E944-466D-AF73-02AD032EC739}.Debug|iPhone.Deploy.0 = Debug|Any CPU
		{BA9FBDB2-E944-466D-AF73-02AD032EC739}.Debug|iPhoneSimulator.ActiveCfg = Debug|Any CPU
		{BA9FBDB2-E944-466D-AF73-02AD032EC739}.Debug|iPhoneSimulator.Build.0 = Debug|Any CPU
		{BA9FBDB2-E944-466D-AF73-02AD032EC739}.Debug|iPhoneSimulator.Deploy.0 = Debug|Any CPU
		{BA9FBDB2-E944-466D-AF73-02AD032EC739}.Debug|x64.ActiveCfg = Debug|Any CPU
		{BA9FBDB2-E944-466D-AF73-02AD032EC739}.Debug|x64.Build.0 = Debug|Any CPU
		{BA9FBDB2-E944-466D-AF73-02AD032EC739}.Debug|x64.Deploy.0 = Debug|Any CPU
		{BA9FBDB2-E944-466D-AF73-02AD032EC739}.Debug|x86.ActiveCfg = Debug|Any CPU
		{BA9FBDB2-E944-466D-AF73-02AD032EC739}.Debug|x86.Build.0 = Debug|Any CPU
		{BA9FBDB2-E944-466D-AF73-02AD032EC739}.Debug|x86.Deploy.0 = Debug|Any CPU
		{BA9FBDB2-E944-466D-AF73-02AD032EC739}.Release|Any CPU.ActiveCfg = Release|Any CPU
		{BA9FBDB2-E944-466D-AF73-02AD032EC739}.Release|Any CPU.Build.0 = Release|Any CPU
		{BA9FBDB2-E944-466D-AF73-02AD032EC739}.Release|Any CPU.Deploy.0 = Release|Any CPU
		{BA9FBDB2-E944-466D-AF73-02AD032EC739}.Release|ARM.ActiveCfg = Release|Any CPU
		{BA9FBDB2-E944-466D-AF73-02AD032EC739}.Release|ARM.Build.0 = Release|Any CPU
		{BA9FBDB2-E944-466D-AF73-02AD032EC739}.Release|ARM.Deploy.0 = Release|Any CPU
		{BA9FBDB2-E944-466D-AF73-02AD032EC739}.Release|iPhone.ActiveCfg = Release|Any CPU
		{BA9FBDB2-E944-466D-AF73-02AD032EC739}.Release|iPhone.Build.0 = Release|Any CPU
		{BA9FBDB2-E944-466D-AF73-02AD032EC739}.Release|iPhone.Deploy.0 = Release|Any CPU
		{BA9FBDB2-E944-466D-AF73-02AD032EC739}.Release|iPhoneSimulator.ActiveCfg = Release|Any CPU
		{BA9FBDB2-E944-466D-AF73-02AD032EC739}.Release|iPhoneSimulator.Build.0 = Release|Any CPU
		{BA9FBDB2-E944-466D-AF73-02AD032EC739}.Release|iPhoneSimulator.Deploy.0 = Release|Any CPU
		{BA9FBDB2-E944-466D-AF73-02AD032EC739}.Release|x64.ActiveCfg = Release|Any CPU
		{BA9FBDB2-E944-466D-AF73-02AD032EC739}.Release|x64.Build.0 = Release|Any CPU
		{BA9FBDB2-E944-466D-AF73-02AD032EC739}.Release|x64.Deploy.0 = Release|Any CPU
		{BA9FBDB2-E944-466D-AF73-02AD032EC739}.Release|x86.ActiveCfg = Release|Any CPU
		{BA9FBDB2-E944-466D-AF73-02AD032EC739}.Release|x86.Build.0 = Release|Any CPU
		{BA9FBDB2-E944-466D-AF73-02AD032EC739}.Release|x86.Deploy.0 = Release|Any CPU
		{A9708FA5-50AD-44DA-BC65-5209B5FFAF23}.Ad-Hoc|Any CPU.ActiveCfg = Release|Any CPU
		{A9708FA5-50AD-44DA-BC65-5209B5FFAF23}.Ad-Hoc|Any CPU.Build.0 = Release|Any CPU
		{A9708FA5-50AD-44DA-BC65-5209B5FFAF23}.Ad-Hoc|ARM.ActiveCfg = Release|Any CPU
		{A9708FA5-50AD-44DA-BC65-5209B5FFAF23}.Ad-Hoc|ARM.Build.0 = Release|Any CPU
		{A9708FA5-50AD-44DA-BC65-5209B5FFAF23}.Ad-Hoc|iPhone.ActiveCfg = Release|Any CPU
		{A9708FA5-50AD-44DA-BC65-5209B5FFAF23}.Ad-Hoc|iPhone.Build.0 = Release|Any CPU
		{A9708FA5-50AD-44DA-BC65-5209B5FFAF23}.Ad-Hoc|iPhoneSimulator.ActiveCfg = Release|Any CPU
		{A9708FA5-50AD-44DA-BC65-5209B5FFAF23}.Ad-Hoc|iPhoneSimulator.Build.0 = Release|Any CPU
		{A9708FA5-50AD-44DA-BC65-5209B5FFAF23}.Ad-Hoc|x64.ActiveCfg = Release|Any CPU
		{A9708FA5-50AD-44DA-BC65-5209B5FFAF23}.Ad-Hoc|x64.Build.0 = Release|Any CPU
		{A9708FA5-50AD-44DA-BC65-5209B5FFAF23}.Ad-Hoc|x86.ActiveCfg = Release|Any CPU
		{A9708FA5-50AD-44DA-BC65-5209B5FFAF23}.Ad-Hoc|x86.Build.0 = Release|Any CPU
		{A9708FA5-50AD-44DA-BC65-5209B5FFAF23}.AppStore|Any CPU.ActiveCfg = Release|Any CPU
		{A9708FA5-50AD-44DA-BC65-5209B5FFAF23}.AppStore|Any CPU.Build.0 = Release|Any CPU
		{A9708FA5-50AD-44DA-BC65-5209B5FFAF23}.AppStore|ARM.ActiveCfg = Release|Any CPU
		{A9708FA5-50AD-44DA-BC65-5209B5FFAF23}.AppStore|ARM.Build.0 = Release|Any CPU
		{A9708FA5-50AD-44DA-BC65-5209B5FFAF23}.AppStore|iPhone.ActiveCfg = Release|Any CPU
		{A9708FA5-50AD-44DA-BC65-5209B5FFAF23}.AppStore|iPhone.Build.0 = Release|Any CPU
		{A9708FA5-50AD-44DA-BC65-5209B5FFAF23}.AppStore|iPhoneSimulator.ActiveCfg = Release|Any CPU
		{A9708FA5-50AD-44DA-BC65-5209B5FFAF23}.AppStore|iPhoneSimulator.Build.0 = Release|Any CPU
		{A9708FA5-50AD-44DA-BC65-5209B5FFAF23}.AppStore|x64.ActiveCfg = Release|Any CPU
		{A9708FA5-50AD-44DA-BC65-5209B5FFAF23}.AppStore|x64.Build.0 = Release|Any CPU
		{A9708FA5-50AD-44DA-BC65-5209B5FFAF23}.AppStore|x86.ActiveCfg = Release|Any CPU
		{A9708FA5-50AD-44DA-BC65-5209B5FFAF23}.AppStore|x86.Build.0 = Release|Any CPU
		{A9708FA5-50AD-44DA-BC65-5209B5FFAF23}.Debug|Any CPU.ActiveCfg = Debug|Any CPU
		{A9708FA5-50AD-44DA-BC65-5209B5FFAF23}.Debug|Any CPU.Build.0 = Debug|Any CPU
		{A9708FA5-50AD-44DA-BC65-5209B5FFAF23}.Debug|ARM.ActiveCfg = Debug|Any CPU
		{A9708FA5-50AD-44DA-BC65-5209B5FFAF23}.Debug|ARM.Build.0 = Debug|Any CPU
		{A9708FA5-50AD-44DA-BC65-5209B5FFAF23}.Debug|iPhone.ActiveCfg = Debug|Any CPU
		{A9708FA5-50AD-44DA-BC65-5209B5FFAF23}.Debug|iPhone.Build.0 = Debug|Any CPU
		{A9708FA5-50AD-44DA-BC65-5209B5FFAF23}.Debug|iPhoneSimulator.ActiveCfg = Debug|Any CPU
		{A9708FA5-50AD-44DA-BC65-5209B5FFAF23}.Debug|iPhoneSimulator.Build.0 = Debug|Any CPU
		{A9708FA5-50AD-44DA-BC65-5209B5FFAF23}.Debug|x64.ActiveCfg = Debug|Any CPU
		{A9708FA5-50AD-44DA-BC65-5209B5FFAF23}.Debug|x64.Build.0 = Debug|Any CPU
		{A9708FA5-50AD-44DA-BC65-5209B5FFAF23}.Debug|x86.ActiveCfg = Debug|Any CPU
		{A9708FA5-50AD-44DA-BC65-5209B5FFAF23}.Debug|x86.Build.0 = Debug|Any CPU
		{A9708FA5-50AD-44DA-BC65-5209B5FFAF23}.Release|Any CPU.ActiveCfg = Release|Any CPU
		{A9708FA5-50AD-44DA-BC65-5209B5FFAF23}.Release|Any CPU.Build.0 = Release|Any CPU
		{A9708FA5-50AD-44DA-BC65-5209B5FFAF23}.Release|ARM.ActiveCfg = Release|Any CPU
		{A9708FA5-50AD-44DA-BC65-5209B5FFAF23}.Release|ARM.Build.0 = Release|Any CPU
		{A9708FA5-50AD-44DA-BC65-5209B5FFAF23}.Release|iPhone.ActiveCfg = Release|Any CPU
		{A9708FA5-50AD-44DA-BC65-5209B5FFAF23}.Release|iPhone.Build.0 = Release|Any CPU
		{A9708FA5-50AD-44DA-BC65-5209B5FFAF23}.Release|iPhoneSimulator.ActiveCfg = Release|Any CPU
		{A9708FA5-50AD-44DA-BC65-5209B5FFAF23}.Release|iPhoneSimulator.Build.0 = Release|Any CPU
		{A9708FA5-50AD-44DA-BC65-5209B5FFAF23}.Release|x64.ActiveCfg = Release|Any CPU
		{A9708FA5-50AD-44DA-BC65-5209B5FFAF23}.Release|x64.Build.0 = Release|Any CPU
		{A9708FA5-50AD-44DA-BC65-5209B5FFAF23}.Release|x86.ActiveCfg = Release|Any CPU
		{A9708FA5-50AD-44DA-BC65-5209B5FFAF23}.Release|x86.Build.0 = Release|Any CPU
		{F5A4CFA4-BA10-4E41-A399-9BFBC4300A73}.Ad-Hoc|Any CPU.ActiveCfg = Release|x86
		{F5A4CFA4-BA10-4E41-A399-9BFBC4300A73}.Ad-Hoc|Any CPU.Build.0 = Release|x86
		{F5A4CFA4-BA10-4E41-A399-9BFBC4300A73}.Ad-Hoc|Any CPU.Deploy.0 = Release|x86
		{F5A4CFA4-BA10-4E41-A399-9BFBC4300A73}.Ad-Hoc|ARM.ActiveCfg = Release|ARM
		{F5A4CFA4-BA10-4E41-A399-9BFBC4300A73}.Ad-Hoc|ARM.Build.0 = Release|ARM
		{F5A4CFA4-BA10-4E41-A399-9BFBC4300A73}.Ad-Hoc|ARM.Deploy.0 = Release|ARM
		{F5A4CFA4-BA10-4E41-A399-9BFBC4300A73}.Ad-Hoc|iPhone.ActiveCfg = Release|x86
		{F5A4CFA4-BA10-4E41-A399-9BFBC4300A73}.Ad-Hoc|iPhone.Build.0 = Release|x86
		{F5A4CFA4-BA10-4E41-A399-9BFBC4300A73}.Ad-Hoc|iPhone.Deploy.0 = Release|x86
		{F5A4CFA4-BA10-4E41-A399-9BFBC4300A73}.Ad-Hoc|iPhoneSimulator.ActiveCfg = Release|x86
		{F5A4CFA4-BA10-4E41-A399-9BFBC4300A73}.Ad-Hoc|iPhoneSimulator.Build.0 = Release|x86
		{F5A4CFA4-BA10-4E41-A399-9BFBC4300A73}.Ad-Hoc|iPhoneSimulator.Deploy.0 = Release|x86
		{F5A4CFA4-BA10-4E41-A399-9BFBC4300A73}.Ad-Hoc|x64.ActiveCfg = Release|x64
		{F5A4CFA4-BA10-4E41-A399-9BFBC4300A73}.Ad-Hoc|x64.Build.0 = Release|x64
		{F5A4CFA4-BA10-4E41-A399-9BFBC4300A73}.Ad-Hoc|x64.Deploy.0 = Release|x64
		{F5A4CFA4-BA10-4E41-A399-9BFBC4300A73}.Ad-Hoc|x86.ActiveCfg = Release|x86
		{F5A4CFA4-BA10-4E41-A399-9BFBC4300A73}.Ad-Hoc|x86.Build.0 = Release|x86
		{F5A4CFA4-BA10-4E41-A399-9BFBC4300A73}.Ad-Hoc|x86.Deploy.0 = Release|x86
		{F5A4CFA4-BA10-4E41-A399-9BFBC4300A73}.AppStore|Any CPU.ActiveCfg = Release|x86
		{F5A4CFA4-BA10-4E41-A399-9BFBC4300A73}.AppStore|Any CPU.Build.0 = Release|x86
		{F5A4CFA4-BA10-4E41-A399-9BFBC4300A73}.AppStore|Any CPU.Deploy.0 = Release|x86
		{F5A4CFA4-BA10-4E41-A399-9BFBC4300A73}.AppStore|ARM.ActiveCfg = Release|ARM
		{F5A4CFA4-BA10-4E41-A399-9BFBC4300A73}.AppStore|ARM.Build.0 = Release|ARM
		{F5A4CFA4-BA10-4E41-A399-9BFBC4300A73}.AppStore|ARM.Deploy.0 = Release|ARM
		{F5A4CFA4-BA10-4E41-A399-9BFBC4300A73}.AppStore|iPhone.ActiveCfg = Release|x86
		{F5A4CFA4-BA10-4E41-A399-9BFBC4300A73}.AppStore|iPhone.Build.0 = Release|x86
		{F5A4CFA4-BA10-4E41-A399-9BFBC4300A73}.AppStore|iPhone.Deploy.0 = Release|x86
		{F5A4CFA4-BA10-4E41-A399-9BFBC4300A73}.AppStore|iPhoneSimulator.ActiveCfg = Release|x86
		{F5A4CFA4-BA10-4E41-A399-9BFBC4300A73}.AppStore|iPhoneSimulator.Build.0 = Release|x86
		{F5A4CFA4-BA10-4E41-A399-9BFBC4300A73}.AppStore|iPhoneSimulator.Deploy.0 = Release|x86
		{F5A4CFA4-BA10-4E41-A399-9BFBC4300A73}.AppStore|x64.ActiveCfg = Release|x64
		{F5A4CFA4-BA10-4E41-A399-9BFBC4300A73}.AppStore|x64.Build.0 = Release|x64
		{F5A4CFA4-BA10-4E41-A399-9BFBC4300A73}.AppStore|x64.Deploy.0 = Release|x64
		{F5A4CFA4-BA10-4E41-A399-9BFBC4300A73}.AppStore|x86.ActiveCfg = Release|x86
		{F5A4CFA4-BA10-4E41-A399-9BFBC4300A73}.AppStore|x86.Build.0 = Release|x86
		{F5A4CFA4-BA10-4E41-A399-9BFBC4300A73}.AppStore|x86.Deploy.0 = Release|x86
		{F5A4CFA4-BA10-4E41-A399-9BFBC4300A73}.Debug|Any CPU.ActiveCfg = Debug|x86
		{F5A4CFA4-BA10-4E41-A399-9BFBC4300A73}.Debug|ARM.ActiveCfg = Debug|ARM
		{F5A4CFA4-BA10-4E41-A399-9BFBC4300A73}.Debug|ARM.Build.0 = Debug|ARM
		{F5A4CFA4-BA10-4E41-A399-9BFBC4300A73}.Debug|ARM.Deploy.0 = Debug|ARM
		{F5A4CFA4-BA10-4E41-A399-9BFBC4300A73}.Debug|iPhone.ActiveCfg = Debug|x86
		{F5A4CFA4-BA10-4E41-A399-9BFBC4300A73}.Debug|iPhoneSimulator.ActiveCfg = Debug|x86
		{F5A4CFA4-BA10-4E41-A399-9BFBC4300A73}.Debug|x64.ActiveCfg = Debug|x64
		{F5A4CFA4-BA10-4E41-A399-9BFBC4300A73}.Debug|x64.Build.0 = Debug|x64
		{F5A4CFA4-BA10-4E41-A399-9BFBC4300A73}.Debug|x64.Deploy.0 = Debug|x64
		{F5A4CFA4-BA10-4E41-A399-9BFBC4300A73}.Debug|x86.ActiveCfg = Debug|x86
		{F5A4CFA4-BA10-4E41-A399-9BFBC4300A73}.Debug|x86.Build.0 = Debug|x86
		{F5A4CFA4-BA10-4E41-A399-9BFBC4300A73}.Debug|x86.Deploy.0 = Debug|x86
		{F5A4CFA4-BA10-4E41-A399-9BFBC4300A73}.Release|Any CPU.ActiveCfg = Release|x86
		{F5A4CFA4-BA10-4E41-A399-9BFBC4300A73}.Release|ARM.ActiveCfg = Release|ARM
		{F5A4CFA4-BA10-4E41-A399-9BFBC4300A73}.Release|ARM.Build.0 = Release|ARM
		{F5A4CFA4-BA10-4E41-A399-9BFBC4300A73}.Release|ARM.Deploy.0 = Release|ARM
		{F5A4CFA4-BA10-4E41-A399-9BFBC4300A73}.Release|iPhone.ActiveCfg = Release|x86
		{F5A4CFA4-BA10-4E41-A399-9BFBC4300A73}.Release|iPhoneSimulator.ActiveCfg = Release|x86
		{F5A4CFA4-BA10-4E41-A399-9BFBC4300A73}.Release|x64.ActiveCfg = Release|x64
		{F5A4CFA4-BA10-4E41-A399-9BFBC4300A73}.Release|x64.Build.0 = Release|x64
		{F5A4CFA4-BA10-4E41-A399-9BFBC4300A73}.Release|x64.Deploy.0 = Release|x64
		{F5A4CFA4-BA10-4E41-A399-9BFBC4300A73}.Release|x86.ActiveCfg = Release|x86
		{F5A4CFA4-BA10-4E41-A399-9BFBC4300A73}.Release|x86.Build.0 = Release|x86
		{F5A4CFA4-BA10-4E41-A399-9BFBC4300A73}.Release|x86.Deploy.0 = Release|x86
		{05DB05EB-8B2E-4B24-990F-3161640121AF}.Ad-Hoc|Any CPU.ActiveCfg = Ad-Hoc|iPhone
		{05DB05EB-8B2E-4B24-990F-3161640121AF}.Ad-Hoc|ARM.ActiveCfg = Ad-Hoc|iPhone
		{05DB05EB-8B2E-4B24-990F-3161640121AF}.Ad-Hoc|iPhone.ActiveCfg = Ad-Hoc|iPhone
		{05DB05EB-8B2E-4B24-990F-3161640121AF}.Ad-Hoc|iPhone.Build.0 = Ad-Hoc|iPhone
		{05DB05EB-8B2E-4B24-990F-3161640121AF}.Ad-Hoc|iPhoneSimulator.ActiveCfg = Ad-Hoc|iPhoneSimulator
		{05DB05EB-8B2E-4B24-990F-3161640121AF}.Ad-Hoc|iPhoneSimulator.Build.0 = Ad-Hoc|iPhoneSimulator
		{05DB05EB-8B2E-4B24-990F-3161640121AF}.Ad-Hoc|x64.ActiveCfg = Ad-Hoc|iPhone
		{05DB05EB-8B2E-4B24-990F-3161640121AF}.Ad-Hoc|x86.ActiveCfg = Ad-Hoc|iPhone
		{05DB05EB-8B2E-4B24-990F-3161640121AF}.AppStore|Any CPU.ActiveCfg = AppStore|iPhone
		{05DB05EB-8B2E-4B24-990F-3161640121AF}.AppStore|ARM.ActiveCfg = AppStore|iPhone
		{05DB05EB-8B2E-4B24-990F-3161640121AF}.AppStore|iPhone.ActiveCfg = AppStore|iPhone
		{05DB05EB-8B2E-4B24-990F-3161640121AF}.AppStore|iPhone.Build.0 = AppStore|iPhone
		{05DB05EB-8B2E-4B24-990F-3161640121AF}.AppStore|iPhoneSimulator.ActiveCfg = AppStore|iPhoneSimulator
		{05DB05EB-8B2E-4B24-990F-3161640121AF}.AppStore|iPhoneSimulator.Build.0 = AppStore|iPhoneSimulator
		{05DB05EB-8B2E-4B24-990F-3161640121AF}.AppStore|x64.ActiveCfg = AppStore|iPhone
		{05DB05EB-8B2E-4B24-990F-3161640121AF}.AppStore|x86.ActiveCfg = AppStore|iPhone
		{05DB05EB-8B2E-4B24-990F-3161640121AF}.Debug|Any CPU.ActiveCfg = Debug|iPhone
		{05DB05EB-8B2E-4B24-990F-3161640121AF}.Debug|ARM.ActiveCfg = Debug|iPhone
		{05DB05EB-8B2E-4B24-990F-3161640121AF}.Debug|iPhone.ActiveCfg = Debug|iPhone
		{05DB05EB-8B2E-4B24-990F-3161640121AF}.Debug|iPhone.Build.0 = Debug|iPhone
		{05DB05EB-8B2E-4B24-990F-3161640121AF}.Debug|iPhoneSimulator.ActiveCfg = Debug|iPhoneSimulator
		{05DB05EB-8B2E-4B24-990F-3161640121AF}.Debug|iPhoneSimulator.Build.0 = Debug|iPhoneSimulator
		{05DB05EB-8B2E-4B24-990F-3161640121AF}.Debug|x64.ActiveCfg = Debug|iPhone
		{05DB05EB-8B2E-4B24-990F-3161640121AF}.Debug|x86.ActiveCfg = Debug|iPhone
		{05DB05EB-8B2E-4B24-990F-3161640121AF}.Release|Any CPU.ActiveCfg = Release|iPhone
		{05DB05EB-8B2E-4B24-990F-3161640121AF}.Release|ARM.ActiveCfg = Release|iPhone
		{05DB05EB-8B2E-4B24-990F-3161640121AF}.Release|iPhone.ActiveCfg = Release|iPhone
		{05DB05EB-8B2E-4B24-990F-3161640121AF}.Release|iPhone.Build.0 = Release|iPhone
		{05DB05EB-8B2E-4B24-990F-3161640121AF}.Release|iPhoneSimulator.ActiveCfg = Release|iPhoneSimulator
		{05DB05EB-8B2E-4B24-990F-3161640121AF}.Release|iPhoneSimulator.Build.0 = Release|iPhoneSimulator
		{05DB05EB-8B2E-4B24-990F-3161640121AF}.Release|x64.ActiveCfg = Release|iPhone
		{05DB05EB-8B2E-4B24-990F-3161640121AF}.Release|x86.ActiveCfg = Release|iPhone
		{FAD63CA2-2E05-4673-8E17-3183185B5E45}.Ad-Hoc|Any CPU.ActiveCfg = Debug|Any CPU
		{FAD63CA2-2E05-4673-8E17-3183185B5E45}.Ad-Hoc|Any CPU.Build.0 = Debug|Any CPU
		{FAD63CA2-2E05-4673-8E17-3183185B5E45}.Ad-Hoc|ARM.ActiveCfg = Debug|Any CPU
		{FAD63CA2-2E05-4673-8E17-3183185B5E45}.Ad-Hoc|ARM.Build.0 = Debug|Any CPU
		{FAD63CA2-2E05-4673-8E17-3183185B5E45}.Ad-Hoc|iPhone.ActiveCfg = Debug|Any CPU
		{FAD63CA2-2E05-4673-8E17-3183185B5E45}.Ad-Hoc|iPhone.Build.0 = Debug|Any CPU
		{FAD63CA2-2E05-4673-8E17-3183185B5E45}.Ad-Hoc|iPhoneSimulator.ActiveCfg = Debug|Any CPU
		{FAD63CA2-2E05-4673-8E17-3183185B5E45}.Ad-Hoc|iPhoneSimulator.Build.0 = Debug|Any CPU
		{FAD63CA2-2E05-4673-8E17-3183185B5E45}.Ad-Hoc|x64.ActiveCfg = Debug|Any CPU
		{FAD63CA2-2E05-4673-8E17-3183185B5E45}.Ad-Hoc|x64.Build.0 = Debug|Any CPU
		{FAD63CA2-2E05-4673-8E17-3183185B5E45}.Ad-Hoc|x86.ActiveCfg = Debug|Any CPU
		{FAD63CA2-2E05-4673-8E17-3183185B5E45}.Ad-Hoc|x86.Build.0 = Debug|Any CPU
		{FAD63CA2-2E05-4673-8E17-3183185B5E45}.AppStore|Any CPU.ActiveCfg = Debug|Any CPU
		{FAD63CA2-2E05-4673-8E17-3183185B5E45}.AppStore|Any CPU.Build.0 = Debug|Any CPU
		{FAD63CA2-2E05-4673-8E17-3183185B5E45}.AppStore|ARM.ActiveCfg = Debug|Any CPU
		{FAD63CA2-2E05-4673-8E17-3183185B5E45}.AppStore|ARM.Build.0 = Debug|Any CPU
		{FAD63CA2-2E05-4673-8E17-3183185B5E45}.AppStore|iPhone.ActiveCfg = Debug|Any CPU
		{FAD63CA2-2E05-4673-8E17-3183185B5E45}.AppStore|iPhone.Build.0 = Debug|Any CPU
		{FAD63CA2-2E05-4673-8E17-3183185B5E45}.AppStore|iPhoneSimulator.ActiveCfg = Debug|Any CPU
		{FAD63CA2-2E05-4673-8E17-3183185B5E45}.AppStore|iPhoneSimulator.Build.0 = Debug|Any CPU
		{FAD63CA2-2E05-4673-8E17-3183185B5E45}.AppStore|x64.ActiveCfg = Debug|Any CPU
		{FAD63CA2-2E05-4673-8E17-3183185B5E45}.AppStore|x64.Build.0 = Debug|Any CPU
		{FAD63CA2-2E05-4673-8E17-3183185B5E45}.AppStore|x86.ActiveCfg = Debug|Any CPU
		{FAD63CA2-2E05-4673-8E17-3183185B5E45}.AppStore|x86.Build.0 = Debug|Any CPU
		{FAD63CA2-2E05-4673-8E17-3183185B5E45}.Debug|Any CPU.ActiveCfg = Debug|Any CPU
		{FAD63CA2-2E05-4673-8E17-3183185B5E45}.Debug|Any CPU.Build.0 = Debug|Any CPU
		{FAD63CA2-2E05-4673-8E17-3183185B5E45}.Debug|ARM.ActiveCfg = Debug|Any CPU
		{FAD63CA2-2E05-4673-8E17-3183185B5E45}.Debug|ARM.Build.0 = Debug|Any CPU
		{FAD63CA2-2E05-4673-8E17-3183185B5E45}.Debug|iPhone.ActiveCfg = Debug|Any CPU
		{FAD63CA2-2E05-4673-8E17-3183185B5E45}.Debug|iPhone.Build.0 = Debug|Any CPU
		{FAD63CA2-2E05-4673-8E17-3183185B5E45}.Debug|iPhoneSimulator.ActiveCfg = Debug|Any CPU
		{FAD63CA2-2E05-4673-8E17-3183185B5E45}.Debug|iPhoneSimulator.Build.0 = Debug|Any CPU
		{FAD63CA2-2E05-4673-8E17-3183185B5E45}.Debug|x64.ActiveCfg = Debug|Any CPU
		{FAD63CA2-2E05-4673-8E17-3183185B5E45}.Debug|x64.Build.0 = Debug|Any CPU
		{FAD63CA2-2E05-4673-8E17-3183185B5E45}.Debug|x86.ActiveCfg = Debug|Any CPU
		{FAD63CA2-2E05-4673-8E17-3183185B5E45}.Debug|x86.Build.0 = Debug|Any CPU
		{FAD63CA2-2E05-4673-8E17-3183185B5E45}.Release|Any CPU.ActiveCfg = Release|Any CPU
		{FAD63CA2-2E05-4673-8E17-3183185B5E45}.Release|Any CPU.Build.0 = Release|Any CPU
		{FAD63CA2-2E05-4673-8E17-3183185B5E45}.Release|ARM.ActiveCfg = Release|Any CPU
		{FAD63CA2-2E05-4673-8E17-3183185B5E45}.Release|ARM.Build.0 = Release|Any CPU
		{FAD63CA2-2E05-4673-8E17-3183185B5E45}.Release|iPhone.ActiveCfg = Release|Any CPU
		{FAD63CA2-2E05-4673-8E17-3183185B5E45}.Release|iPhone.Build.0 = Release|Any CPU
		{FAD63CA2-2E05-4673-8E17-3183185B5E45}.Release|iPhoneSimulator.ActiveCfg = Release|Any CPU
		{FAD63CA2-2E05-4673-8E17-3183185B5E45}.Release|iPhoneSimulator.Build.0 = Release|Any CPU
		{FAD63CA2-2E05-4673-8E17-3183185B5E45}.Release|x64.ActiveCfg = Release|Any CPU
		{FAD63CA2-2E05-4673-8E17-3183185B5E45}.Release|x64.Build.0 = Release|Any CPU
		{FAD63CA2-2E05-4673-8E17-3183185B5E45}.Release|x86.ActiveCfg = Release|Any CPU
		{FAD63CA2-2E05-4673-8E17-3183185B5E45}.Release|x86.Build.0 = Release|Any CPU
	EndGlobalSection
	GlobalSection(SolutionProperties) = preSolution
		HideSolutionNode = FALSE
	EndGlobalSection
	GlobalSection(NestedProjects) = preSolution
		{F2136B83-0BBB-4CF0-8B73-96A18D002AD8} = {70EDC8C1-8E8E-47EA-9087-C3D1274AC789}
		{04CAB736-E6C7-4342-83A3-BF27EE6813C0} = {C1D4D59E-32C3-4FF9-BC59-AA442998F334}
		{1EB47120-E747-4D4C-B022-9E8328EB263F} = {70EDC8C1-8E8E-47EA-9087-C3D1274AC789}
		{BA9FBDB2-E944-466D-AF73-02AD032EC739} = {0A0EBAB8-F2CD-4370-ABD9-E4EBF7D2DBD7}
		{A9708FA5-50AD-44DA-BC65-5209B5FFAF23} = {0A0EBAB8-F2CD-4370-ABD9-E4EBF7D2DBD7}
		{F5A4CFA4-BA10-4E41-A399-9BFBC4300A73} = {0A0EBAB8-F2CD-4370-ABD9-E4EBF7D2DBD7}
		{05DB05EB-8B2E-4B24-990F-3161640121AF} = {0A0EBAB8-F2CD-4370-ABD9-E4EBF7D2DBD7}
		{FAD63CA2-2E05-4673-8E17-3183185B5E45} = {B05CFF86-7F94-4FCA-9482-BD53314DA6A2}
	EndGlobalSection
	GlobalSection(ExtensibilityGlobals) = postSolution
		SolutionGuid = {6ACE6999-CEB4-42B2-89CD-07EB5D3CA8DF}
	EndGlobalSection
EndGlobal
